<?xml version="1.0" encoding="utf-8"?>
<Project ToolsVersion="4.0" xmlns="http://schemas.microsoft.com/developer/msbuild/2003">
  <ItemGroup>
    <Filter Include="Source Files">
      <UniqueIdentifier>{4FC737F1-C7A5-4376-A066-2A32D752A2FF}</UniqueIdentifier>
      <Extensions>cpp;c;cc;cxx;def;odl;idl;hpj;bat;asm;asmx</Extensions>
    </Filter>
    <Filter Include="Header Files">
      <UniqueIdentifier>{93995380-89BD-4b04-88EB-625FBE52EBFB}</UniqueIdentifier>
      <Extensions>h;hh;hpp;hxx;hm;inl;inc;ipp;xsd</Extensions>
    </Filter>
    <Filter Include="Resource Files">
      <UniqueIdentifier>{67DA6AB6-F800-4c08-8B7A-83BB121AAD01}</UniqueIdentifier>
      <Extensions>rc;ico;cur;bmp;dlg;rc2;rct;bin;rgs;gif;jpg;jpeg;jpe;resx;tiff;tif;png;wav;mfcribbon-ms</Extensions>
    </Filter>
  </ItemGroup>
  <ItemGroup>
    <ClInclude Include="stdafx.h">
      <Filter>Header Files</Filter>
    </ClInclude>
    <ClInclude Include="targetver.h">
      <Filter>Header Files</Filter>
    </ClInclude>
    <ClInclude Include="Resource.h">
      <Filter>Header Files</Filter>
    </ClInclude>
    <ClInclude Include="milligram.h">
      <Filter>Header Files</Filter>
    </ClInclude>
    <ClInclude Include="spiplugin.h">
      <Filter>Header Files</Filter>
    </ClInclude>
    <ClInclude Include="acfc.h">
      <Filter>Header Files</Filter>
    </ClInclude>
    <ClInclude Include="MainForm.h">
      <Filter>Header Files</Filter>
    </ClInclude>
    <ClInclude Include="InputForm.h">
      <Filter>Header Files</Filter>
    </ClInclude>
    <ClInclude Include="FormSizeForm.h">
      <Filter>Header Files</Filter>
    </ClInclude>
    <ClInclude Include="Header.h">
      <Filter>Header Files</Filter>
    </ClInclude>
    <ClInclude Include="ProgressForm.h">
      <Filter>Header Files</Filter>
    </ClInclude>
  </ItemGroup>
  <ItemGroup>
    <ClCompile Include="stdafx.cpp">
      <Filter>Source Files</Filter>
    </ClCompile>
    <ClCompile Include="milligram.cpp">
      <Filter>Source Files</Filter>
    </ClCompile>
    <ClCompile Include="spiplugin.cpp">
      <Filter>Source Files</Filter>
    </ClCompile>
    <ClCompile Include="acfc.cpp">
      <Filter>Source Files</Filter>
    </ClCompile>
    <ClCompile Include="MainForm.cpp">
      <Filter>Source Files</Filter>
    </ClCompile>
    <ClCompile Include="InputForm.cpp">
      <Filter>Source Files</Filter>
    </ClCompile>
    <ClCompile Include="JpegSettingForm.cpp">
      <Filter>Source Files</Filter>
    </ClCompile>
    <ClCompile Include="ProgressForm.cpp">
      <Filter>Source Files</Filter>
    </ClCompile>
    <ClCompile Include="FormSizeForm.cpp">
      <Filter>Source Files</Filter>
    </ClCompile>
  </ItemGroup>
  <ItemGroup>
    <ResourceCompile Include="milligram.rc">
      <Filter>Resource Files</Filter>
    </ResourceCompile>
  </ItemGroup>
  <ItemGroup>
    <Image Include="trayicon1.ico">
      <Filter>Resource Files</Filter>
    </Image>
    <Image Include="trayicon2.ico">
      <Filter>Resource Files</Filter>
    </Image>
    <Image Include="trayicon3.ico">
      <Filter>Resource Files</Filter>
    </Image>
    <Image Include="trayicon4.ico">
      <Filter>Resource Files</Filter>
    </Image>
    <Image Include="trayicon5.ico">
      <Filter>Resource Files</Filter>
    </Image>
    <Image Include="trayicon0.ico">
      <Filter>Resource Files</Filter>
    </Image>
    <Image Include="icon.ico">
      <Filter>Resource Files</Filter>
    </Image>
  </ItemGroup>
  <ItemGroup>
    <None Include="Hand_0.cur">
      <Filter>Resource Files</Filter>
    </None>
    <None Include="Hand_1.cur">
      <Filter>Resource Files</Filter>
    </None>
    <None Include="Hand_2.cur">
      <Filter>Resource Files</Filter>
    </None>
    <None Include="Grab_1.cur">
      <Filter>Resource Files</Filter>
    </None>
    <None Include="Grab_2.cur">
      <Filter>Resource Files</Filter>
    </None>
    <None Include="Grab_0.cur">
      <Filter>Resource Files</Filter>
    </None>
    <None Include="None.cur">
      <Filter>Resource Files</Filter>
    </None>
  </ItemGroup>
  <ItemGroup>
    <Manifest Include="app.manifest" />
  </ItemGroup>
</Project>